// !$*UTF8*$!
{
	archiveVersion = 1;
	classes = {
	};
	objectVersion = 50;
	objects = {

/* Begin PBXBuildFile section */
		BF117F732094E6B40048D9AD /* main.swift in Sources */ = {isa = PBXBuildFile; fileRef = BF117F722094E6B40048D9AD /* main.swift */; };
		BF117F782094E86E0048D9AD /* AudioDeviceSystemInterface.swift in Sources */ = {isa = PBXBuildFile; fileRef = BF117F692094DDF00048D9AD /* AudioDeviceSystemInterface.swift */; };
		BF1616EA20AF5BC9009F471D /* AppDelegate.swift in Sources */ = {isa = PBXBuildFile; fileRef = BF1616E920AF5BC9009F471D /* AppDelegate.swift */; };
		BF1616EF20AF5BCA009F471D /* MainMenu.xib in Resources */ = {isa = PBXBuildFile; fileRef = BF1616ED20AF5BCA009F471D /* MainMenu.xib */; };
		BF1616F520AF5C0A009F471D /* AudioSwitchPrefs.xib in Resources */ = {isa = PBXBuildFile; fileRef = BF1616CE20AF584E009F471D /* AudioSwitchPrefs.xib */; };
		BF2496B7213B2038006D33C9 /* Settings.swift in Sources */ = {isa = PBXBuildFile; fileRef = BFF8211C20BB342400F0B07E /* Settings.swift */; };
		BF2496BA213B2097006D33C9 /* MASShortcut.framework in Frameworks */ = {isa = PBXBuildFile; fileRef = BFB1037B20C1EBB400766202 /* MASShortcut.framework */; };
		BF3799F620B9F7AC0067EA2F /* AudioDeviceListControllerTest.swift in Sources */ = {isa = PBXBuildFile; fileRef = BF3799F520B9F7AC0067EA2F /* AudioDeviceListControllerTest.swift */; };
		BF3799F720B9FBA60067EA2F /* AudioSwitchPrefs.swift in Sources */ = {isa = PBXBuildFile; fileRef = BFD1A75220B17E3500945E0E /* AudioSwitchPrefs.swift */; };
		BF5ED0CB20ACC73F0023CDBF /* CoreAudioMock.c in Sources */ = {isa = PBXBuildFile; fileRef = BFFECC6C20A8BF75005ADA44 /* CoreAudioMock.c */; };
		BF5ED0CF20ACC7750023CDBF /* libTestMocks.a in Frameworks */ = {isa = PBXBuildFile; fileRef = BF5ED0C620ACC7330023CDBF /* libTestMocks.a */; };
		BF5F647020BF2EDD0084F35E /* AppDelegate.swift in Sources */ = {isa = PBXBuildFile; fileRef = BF5F646F20BF2EDD0084F35E /* AppDelegate.swift */; };
		BF5F647520BF2EDE0084F35E /* MainMenu.xib in Resources */ = {isa = PBXBuildFile; fileRef = BF5F647320BF2EDE0084F35E /* MainMenu.xib */; };
		BF5F647B20BF3F3A0084F35E /* Settings.swift in Sources */ = {isa = PBXBuildFile; fileRef = BFF8211C20BB342400F0B07E /* Settings.swift */; };
		BF5F647C20BF3F4D0084F35E /* AudioDeviceListManager.swift in Sources */ = {isa = PBXBuildFile; fileRef = BF88774020A2279D00F0D1A1 /* AudioDeviceListManager.swift */; };
		BF5F647D20BF3F510084F35E /* AudioDeviceSystemInterface.swift in Sources */ = {isa = PBXBuildFile; fileRef = BF117F692094DDF00048D9AD /* AudioDeviceSystemInterface.swift */; };
		BFB1038220C1EC9700766202 /* MASShortcut.framework in Frameworks */ = {isa = PBXBuildFile; fileRef = BFB1037B20C1EBB400766202 /* MASShortcut.framework */; };
		BFB1038320C1EC9700766202 /* MASShortcut.framework in Embed Frameworks */ = {isa = PBXBuildFile; fileRef = BFB1037B20C1EBB400766202 /* MASShortcut.framework */; settings = {ATTRIBUTES = (CodeSignOnCopy, RemoveHeadersOnCopy, ); }; };
		BFB40C6D20A23BE800F4FA67 /* DeviceListManagerTests.swift in Sources */ = {isa = PBXBuildFile; fileRef = BFB40C5F20A23B9500F4FA67 /* DeviceListManagerTests.swift */; };
		BFB40C6E20A23EAA00F4FA67 /* AudioDeviceListManager.swift in Sources */ = {isa = PBXBuildFile; fileRef = BF88774020A2279D00F0D1A1 /* AudioDeviceListManager.swift */; };
		BFB40C6F20A23EC000F4FA67 /* AudioDeviceSystemInterface.swift in Sources */ = {isa = PBXBuildFile; fileRef = BF117F692094DDF00048D9AD /* AudioDeviceSystemInterface.swift */; };
		BFD1A75320B17E3500945E0E /* AudioSwitchPrefs.swift in Sources */ = {isa = PBXBuildFile; fileRef = BFD1A75220B17E3500945E0E /* AudioSwitchPrefs.swift */; };
		BFD1A75620B18A9100945E0E /* AudioDeviceListManager.swift in Sources */ = {isa = PBXBuildFile; fileRef = BF88774020A2279D00F0D1A1 /* AudioDeviceListManager.swift */; };
		BFD1A75720B18A9400945E0E /* AudioDeviceSystemInterface.swift in Sources */ = {isa = PBXBuildFile; fileRef = BF117F692094DDF00048D9AD /* AudioDeviceSystemInterface.swift */; };
		BFF8211D20BB342400F0B07E /* Settings.swift in Sources */ = {isa = PBXBuildFile; fileRef = BFF8211C20BB342400F0B07E /* Settings.swift */; };
		BFFECC6F20A8C2F7005ADA44 /* DeviceSystemInterfaceTest.swift in Sources */ = {isa = PBXBuildFile; fileRef = BFFECC6E20A8C2F7005ADA44 /* DeviceSystemInterfaceTest.swift */; };
/* End PBXBuildFile section */

/* Begin PBXContainerItemProxy section */
		BF2496BB213B20DB006D33C9 /* PBXContainerItemProxy */ = {
			isa = PBXContainerItemProxy;
			containerPortal = BFB1037420C1EBB300766202 /* MASShortcut.xcodeproj */;
			proxyType = 1;
			remoteGlobalIDString = 0D827CD21990D4420010B8EF;
			remoteInfo = MASShortcut;
		};
		BF5ED0CC20ACC76C0023CDBF /* PBXContainerItemProxy */ = {
			isa = PBXContainerItemProxy;
			containerPortal = BF907F332094DB930045859F /* Project object */;
			proxyType = 1;
			remoteGlobalIDString = BF5ED0C520ACC7330023CDBF;
			remoteInfo = TestMocks;
		};
		BFB1037A20C1EBB400766202 /* PBXContainerItemProxy */ = {
			isa = PBXContainerItemProxy;
			containerPortal = BFB1037420C1EBB300766202 /* MASShortcut.xcodeproj */;
			proxyType = 2;
			remoteGlobalIDString = 0D827CD31990D4420010B8EF;
			remoteInfo = MASShortcut;
		};
		BFB1037C20C1EBB400766202 /* PBXContainerItemProxy */ = {
			isa = PBXContainerItemProxy;
			containerPortal = BFB1037420C1EBB300766202 /* MASShortcut.xcodeproj */;
			proxyType = 2;
			remoteGlobalIDString = 0D827D8319910AFF0010B8EF;
			remoteInfo = MASShortcutTests;
		};
		BFB1037E20C1EBB400766202 /* PBXContainerItemProxy */ = {
			isa = PBXContainerItemProxy;
			containerPortal = BFB1037420C1EBB300766202 /* MASShortcut.xcodeproj */;
			proxyType = 2;
			remoteGlobalIDString = 0D827D371990D5E70010B8EF;
			remoteInfo = Demo;
		};
		BFB1038420C1EC9700766202 /* PBXContainerItemProxy */ = {
			isa = PBXContainerItemProxy;
			containerPortal = BFB1037420C1EBB300766202 /* MASShortcut.xcodeproj */;
			proxyType = 1;
			remoteGlobalIDString = 0D827CD21990D4420010B8EF;
			remoteInfo = MASShortcut;
		};
/* End PBXContainerItemProxy section */

/* Begin PBXCopyFilesBuildPhase section */
		BF117F6D2094E6B40048D9AD /* CopyFiles */ = {
			isa = PBXCopyFilesBuildPhase;
			buildActionMask = 2147483647;
			dstPath = /usr/share/man/man1/;
			dstSubfolderSpec = 0;
			files = (
			);
			runOnlyForDeploymentPostprocessing = 1;
		};
		BFB1038620C1EC9700766202 /* Embed Frameworks */ = {
			isa = PBXCopyFilesBuildPhase;
			buildActionMask = 2147483647;
			dstPath = "";
			dstSubfolderSpec = 10;
			files = (
				BFB1038320C1EC9700766202 /* MASShortcut.framework in Embed Frameworks */,
			);
			name = "Embed Frameworks";
			runOnlyForDeploymentPostprocessing = 0;
		};
/* End PBXCopyFilesBuildPhase section */

/* Begin PBXFileReference section */
		BF117F692094DDF00048D9AD /* AudioDeviceSystemInterface.swift */ = {isa = PBXFileReference; lastKnownFileType = sourcecode.swift; path = AudioDeviceSystemInterface.swift; sourceTree = "<group>"; };
		BF117F6F2094E6B40048D9AD /* test_dev_manager */ = {isa = PBXFileReference; explicitFileType = "compiled.mach-o.executable"; includeInIndex = 0; path = test_dev_manager; sourceTree = BUILT_PRODUCTS_DIR; };
		BF117F722094E6B40048D9AD /* main.swift */ = {isa = PBXFileReference; lastKnownFileType = sourcecode.swift; path = main.swift; sourceTree = "<group>"; };
		BF1616CE20AF584E009F471D /* AudioSwitchPrefs.xib */ = {isa = PBXFileReference; lastKnownFileType = file.xib; path = AudioSwitchPrefs.xib; sourceTree = "<group>"; };
		BF1616E720AF5BC9009F471D /* AudioSwitchTestApp.app */ = {isa = PBXFileReference; explicitFileType = wrapper.application; includeInIndex = 0; path = AudioSwitchTestApp.app; sourceTree = BUILT_PRODUCTS_DIR; };
		BF1616E920AF5BC9009F471D /* AppDelegate.swift */ = {isa = PBXFileReference; lastKnownFileType = sourcecode.swift; path = AppDelegate.swift; sourceTree = "<group>"; };
		BF1616EE20AF5BCA009F471D /* Base */ = {isa = PBXFileReference; lastKnownFileType = file.xib; name = Base; path = Base.lproj/MainMenu.xib; sourceTree = "<group>"; };
		BF1616F020AF5BCA009F471D /* AudioSwitchTestsInfo.plist */ = {isa = PBXFileReference; lastKnownFileType = text.plist.xml; path = AudioSwitchTestsInfo.plist; sourceTree = "<group>"; };
		BF1616F120AF5BCA009F471D /* AudioSwitchTests.entitlements */ = {isa = PBXFileReference; lastKnownFileType = text.plist.entitlements; path = AudioSwitchTests.entitlements; sourceTree = "<group>"; };
		BF2496BD213B2301006D33C9 /* TestsBridgingHeader.h */ = {isa = PBXFileReference; lastKnownFileType = sourcecode.c.h; path = TestsBridgingHeader.h; sourceTree = "<group>"; };
		BF3799F520B9F7AC0067EA2F /* AudioDeviceListControllerTest.swift */ = {isa = PBXFileReference; lastKnownFileType = sourcecode.swift; path = AudioDeviceListControllerTest.swift; sourceTree = "<group>"; };
		BF5ED0C620ACC7330023CDBF /* libTestMocks.a */ = {isa = PBXFileReference; explicitFileType = archive.ar; includeInIndex = 0; path = libTestMocks.a; sourceTree = BUILT_PRODUCTS_DIR; };
		BF5F646D20BF2EDD0084F35E /* AudioSwitchSettingsWatcherApp.app */ = {isa = PBXFileReference; explicitFileType = wrapper.application; includeInIndex = 0; path = AudioSwitchSettingsWatcherApp.app; sourceTree = BUILT_PRODUCTS_DIR; };
		BF5F646F20BF2EDD0084F35E /* AppDelegate.swift */ = {isa = PBXFileReference; lastKnownFileType = sourcecode.swift; path = AppDelegate.swift; sourceTree = "<group>"; };
		BF5F647420BF2EDE0084F35E /* Base */ = {isa = PBXFileReference; lastKnownFileType = file.xib; name = Base; path = Base.lproj/MainMenu.xib; sourceTree = "<group>"; };
		BF79BE6C20C446CA001DCAB4 /* BridgingHeader.h */ = {isa = PBXFileReference; lastKnownFileType = sourcecode.c.h; name = BridgingHeader.h; path = Shared/BridgingHeader.h; sourceTree = SOURCE_ROOT; };
		BF88774020A2279D00F0D1A1 /* AudioDeviceListManager.swift */ = {isa = PBXFileReference; lastKnownFileType = sourcecode.swift; path = AudioDeviceListManager.swift; sourceTree = "<group>"; };
		BFB1037420C1EBB300766202 /* MASShortcut.xcodeproj */ = {isa = PBXFileReference; lastKnownFileType = "wrapper.pb-project"; path = MASShortcut.xcodeproj; sourceTree = "<group>"; };
		BFB40C5F20A23B9500F4FA67 /* DeviceListManagerTests.swift */ = {isa = PBXFileReference; lastKnownFileType = sourcecode.swift; path = DeviceListManagerTests.swift; sourceTree = "<group>"; };
		BFB40C6520A23BE300F4FA67 /* AudioSwitchTests.xctest */ = {isa = PBXFileReference; explicitFileType = wrapper.cfbundle; includeInIndex = 0; path = AudioSwitchTests.xctest; sourceTree = BUILT_PRODUCTS_DIR; };
		BFD1A75220B17E3500945E0E /* AudioSwitchPrefs.swift */ = {isa = PBXFileReference; lastKnownFileType = sourcecode.swift; path = AudioSwitchPrefs.swift; sourceTree = "<group>"; };
		BFF8211C20BB342400F0B07E /* Settings.swift */ = {isa = PBXFileReference; lastKnownFileType = sourcecode.swift; path = Settings.swift; sourceTree = "<group>"; };
		BFFECC6A20A8BF75005ADA44 /* AudioSwitchTests-Bridging-Header.h */ = {isa = PBXFileReference; lastKnownFileType = sourcecode.c.h; path = "AudioSwitchTests-Bridging-Header.h"; sourceTree = "<group>"; };
		BFFECC6B20A8BF75005ADA44 /* CoreAudioMock.h */ = {isa = PBXFileReference; lastKnownFileType = sourcecode.c.h; path = CoreAudioMock.h; sourceTree = "<group>"; };
		BFFECC6C20A8BF75005ADA44 /* CoreAudioMock.c */ = {isa = PBXFileReference; lastKnownFileType = sourcecode.c.c; path = CoreAudioMock.c; sourceTree = "<group>"; };
		BFFECC6E20A8C2F7005ADA44 /* DeviceSystemInterfaceTest.swift */ = {isa = PBXFileReference; lastKnownFileType = sourcecode.swift; path = DeviceSystemInterfaceTest.swift; sourceTree = "<group>"; };
/* End PBXFileReference section */

/* Begin PBXFrameworksBuildPhase section */
		BF117F6C2094E6B40048D9AD /* Frameworks */ = {
			isa = PBXFrameworksBuildPhase;
			buildActionMask = 2147483647;
			files = (
			);
			runOnlyForDeploymentPostprocessing = 0;
		};
		BF1616E420AF5BC9009F471D /* Frameworks */ = {
			isa = PBXFrameworksBuildPhase;
			buildActionMask = 2147483647;
			files = (
				BFB1038220C1EC9700766202 /* MASShortcut.framework in Frameworks */,
			);
			runOnlyForDeploymentPostprocessing = 0;
		};
		BF5ED0C320ACC7330023CDBF /* Frameworks */ = {
			isa = PBXFrameworksBuildPhase;
			buildActionMask = 2147483647;
			files = (
			);
			runOnlyForDeploymentPostprocessing = 0;
		};
		BF5F646A20BF2EDD0084F35E /* Frameworks */ = {
			isa = PBXFrameworksBuildPhase;
			buildActionMask = 2147483647;
			files = (
			);
			runOnlyForDeploymentPostprocessing = 0;
		};
		BFB40C6220A23BE300F4FA67 /* Frameworks */ = {
			isa = PBXFrameworksBuildPhase;
			buildActionMask = 2147483647;
			files = (
				BF2496BA213B2097006D33C9 /* MASShortcut.framework in Frameworks */,
				BF5ED0CF20ACC7750023CDBF /* libTestMocks.a in Frameworks */,
			);
			runOnlyForDeploymentPostprocessing = 0;
		};
/* End PBXFrameworksBuildPhase section */

/* Begin PBXGroup section */
		BF117F682094DDDB0048D9AD /* Shared */ = {
			isa = PBXGroup;
			children = (
				BF117F692094DDF00048D9AD /* AudioDeviceSystemInterface.swift */,
				BF88774020A2279D00F0D1A1 /* AudioDeviceListManager.swift */,
				BFF8211C20BB342400F0B07E /* Settings.swift */,
				BF79BE6C20C446CA001DCAB4 /* BridgingHeader.h */,
			);
			path = Shared;
			sourceTree = "<group>";
		};
		BF117F6A2094E5540048D9AD /* Tests */ = {
			isa = PBXGroup;
			children = (
				BF5F646E20BF2EDD0084F35E /* AudioSwitchSettingsWatcherApp */,
				BF1616E820AF5BC9009F471D /* AudioSwitchTestApp */,
				BFFECC6920A8BED2005ADA44 /* Mocks */,
				BF117F772094E85E0048D9AD /* test_dev_manager */,
				BFB40C5F20A23B9500F4FA67 /* DeviceListManagerTests.swift */,
				BFFECC6E20A8C2F7005ADA44 /* DeviceSystemInterfaceTest.swift */,
				BF3799F520B9F7AC0067EA2F /* AudioDeviceListControllerTest.swift */,
				BF1616F020AF5BCA009F471D /* AudioSwitchTestsInfo.plist */,
				BF1616F120AF5BCA009F471D /* AudioSwitchTests.entitlements */,
				BF2496BD213B2301006D33C9 /* TestsBridgingHeader.h */,
			);
			path = Tests;
			sourceTree = "<group>";
		};
		BF117F702094E6B40048D9AD /* Products */ = {
			isa = PBXGroup;
			children = (
				BF117F6F2094E6B40048D9AD /* test_dev_manager */,
				BFB40C6520A23BE300F4FA67 /* AudioSwitchTests.xctest */,
				BF5ED0C620ACC7330023CDBF /* libTestMocks.a */,
				BF1616E720AF5BC9009F471D /* AudioSwitchTestApp.app */,
				BF5F646D20BF2EDD0084F35E /* AudioSwitchSettingsWatcherApp.app */,
			);
			name = Products;
			sourceTree = "<group>";
		};
		BF117F772094E85E0048D9AD /* test_dev_manager */ = {
			isa = PBXGroup;
			children = (
				BF117F722094E6B40048D9AD /* main.swift */,
			);
			path = test_dev_manager;
			sourceTree = "<group>";
		};
		BF1616CD20AF581F009F471D /* AudioSwitchPrefs */ = {
			isa = PBXGroup;
			children = (
				BF1616CE20AF584E009F471D /* AudioSwitchPrefs.xib */,
				BFD1A75220B17E3500945E0E /* AudioSwitchPrefs.swift */,
			);
			path = AudioSwitchPrefs;
			sourceTree = "<group>";
		};
		BF1616E820AF5BC9009F471D /* AudioSwitchTestApp */ = {
			isa = PBXGroup;
			children = (
				BF1616E920AF5BC9009F471D /* AppDelegate.swift */,
				BF1616ED20AF5BCA009F471D /* MainMenu.xib */,
			);
			path = AudioSwitchTestApp;
			sourceTree = "<group>";
		};
		BF5F646E20BF2EDD0084F35E /* AudioSwitchSettingsWatcherApp */ = {
			isa = PBXGroup;
			children = (
				BF5F646F20BF2EDD0084F35E /* AppDelegate.swift */,
				BF5F647320BF2EDE0084F35E /* MainMenu.xib */,
			);
			path = AudioSwitchSettingsWatcherApp;
			sourceTree = "<group>";
		};
		BF907F322094DB930045859F = {
			isa = PBXGroup;
			children = (
				BF117F682094DDDB0048D9AD /* Shared */,
				BF1616CD20AF581F009F471D /* AudioSwitchPrefs */,
				BF117F6A2094E5540048D9AD /* Tests */,
				BFB1037220C1EB4A00766202 /* Source Frameworks */,
				BF117F702094E6B40048D9AD /* Products */,
				BFB1038020C1EC4A00766202 /* Frameworks */,
			);
			sourceTree = "<group>";
		};
		BFB1037220C1EB4A00766202 /* Source Frameworks */ = {
			isa = PBXGroup;
			children = (
				BFB1037320C1EB5700766202 /* MASShortcut */,
			);
			path = "Source Frameworks";
			sourceTree = "<group>";
		};
		BFB1037320C1EB5700766202 /* MASShortcut */ = {
			isa = PBXGroup;
			children = (
				BFB1037420C1EBB300766202 /* MASShortcut.xcodeproj */,
			);
			path = MASShortcut;
			sourceTree = "<group>";
		};
		BFB1037520C1EBB300766202 /* Products */ = {
			isa = PBXGroup;
			children = (
				BFB1037B20C1EBB400766202 /* MASShortcut.framework */,
				BFB1037D20C1EBB400766202 /* MASShortcutTests.xctest */,
				BFB1037F20C1EBB400766202 /* Demo.app */,
			);
			name = Products;
			sourceTree = "<group>";
		};
		BFB1038020C1EC4A00766202 /* Frameworks */ = {
			isa = PBXGroup;
			children = (
			);
			name = Frameworks;
			sourceTree = "<group>";
		};
		BFFECC6920A8BED2005ADA44 /* Mocks */ = {
			isa = PBXGroup;
			children = (
				BFFECC6B20A8BF75005ADA44 /* CoreAudioMock.h */,
				BFFECC6C20A8BF75005ADA44 /* CoreAudioMock.c */,
				BFFECC6A20A8BF75005ADA44 /* AudioSwitchTests-Bridging-Header.h */,
			);
			path = Mocks;
			sourceTree = "<group>";
		};
/* End PBXGroup section */

/* Begin PBXHeadersBuildPhase section */
		BF5ED0C420ACC7330023CDBF /* Headers */ = {
			isa = PBXHeadersBuildPhase;
			buildActionMask = 2147483647;
			files = (
			);
			runOnlyForDeploymentPostprocessing = 0;
		};
/* End PBXHeadersBuildPhase section */

/* Begin PBXNativeTarget section */
		BF117F6E2094E6B40048D9AD /* test_dev_manager */ = {
			isa = PBXNativeTarget;
			buildConfigurationList = BF117F742094E6B40048D9AD /* Build configuration list for PBXNativeTarget "test_dev_manager" */;
			buildPhases = (
				BF117F6B2094E6B40048D9AD /* Sources */,
				BF117F6C2094E6B40048D9AD /* Frameworks */,
				BF117F6D2094E6B40048D9AD /* CopyFiles */,
			);
			buildRules = (
			);
			dependencies = (
			);
			name = test_dev_manager;
			productName = test_dev_manager;
			productReference = BF117F6F2094E6B40048D9AD /* test_dev_manager */;
			productType = "com.apple.product-type.tool";
		};
		BF1616E620AF5BC9009F471D /* AudioSwitchTestApp */ = {
			isa = PBXNativeTarget;
			buildConfigurationList = BF1616F220AF5BCA009F471D /* Build configuration list for PBXNativeTarget "AudioSwitchTestApp" */;
			buildPhases = (
				BF1616E320AF5BC9009F471D /* Sources */,
				BF1616E420AF5BC9009F471D /* Frameworks */,
				BF1616E520AF5BC9009F471D /* Resources */,
				BFB1038620C1EC9700766202 /* Embed Frameworks */,
			);
			buildRules = (
			);
			dependencies = (
				BFB1038520C1EC9700766202 /* PBXTargetDependency */,
			);
			name = AudioSwitchTestApp;
			productName = AudioSwitchTestApp;
			productReference = BF1616E720AF5BC9009F471D /* AudioSwitchTestApp.app */;
			productType = "com.apple.product-type.application";
		};
		BF5ED0C520ACC7330023CDBF /* TestMocks */ = {
			isa = PBXNativeTarget;
			buildConfigurationList = BF5ED0C920ACC7330023CDBF /* Build configuration list for PBXNativeTarget "TestMocks" */;
			buildPhases = (
				BF5ED0C220ACC7330023CDBF /* Sources */,
				BF5ED0C320ACC7330023CDBF /* Frameworks */,
				BF5ED0C420ACC7330023CDBF /* Headers */,
			);
			buildRules = (
			);
			dependencies = (
			);
			name = TestMocks;
			productName = TestMocks;
			productReference = BF5ED0C620ACC7330023CDBF /* libTestMocks.a */;
			productType = "com.apple.product-type.library.static";
		};
		BF5F646C20BF2EDD0084F35E /* AudioSwitchSettingsWatcherApp */ = {
			isa = PBXNativeTarget;
			buildConfigurationList = BF5F647A20BF2EDE0084F35E /* Build configuration list for PBXNativeTarget "AudioSwitchSettingsWatcherApp" */;
			buildPhases = (
				BF5F646920BF2EDD0084F35E /* Sources */,
				BF5F646A20BF2EDD0084F35E /* Frameworks */,
				BF5F646B20BF2EDD0084F35E /* Resources */,
			);
			buildRules = (
			);
			dependencies = (
			);
			name = AudioSwitchSettingsWatcherApp;
			productName = AudioSwitchSettingsWatcherApp;
			productReference = BF5F646D20BF2EDD0084F35E /* AudioSwitchSettingsWatcherApp.app */;
			productType = "com.apple.product-type.application";
		};
		BFB40C6420A23BE300F4FA67 /* AudioSwitchTests */ = {
			isa = PBXNativeTarget;
			buildConfigurationList = BFB40C6A20A23BE300F4FA67 /* Build configuration list for PBXNativeTarget "AudioSwitchTests" */;
			buildPhases = (
				BFB40C6120A23BE300F4FA67 /* Sources */,
				BFB40C6220A23BE300F4FA67 /* Frameworks */,
				BFB40C6320A23BE300F4FA67 /* Resources */,
			);
			buildRules = (
			);
			dependencies = (
				BF2496BC213B20DB006D33C9 /* PBXTargetDependency */,
				BF5ED0CD20ACC76C0023CDBF /* PBXTargetDependency */,
			);
			name = AudioSwitchTests;
			productName = AudioSwitchTests;
			productReference = BFB40C6520A23BE300F4FA67 /* AudioSwitchTests.xctest */;
			productType = "com.apple.product-type.bundle.unit-test";
		};
/* End PBXNativeTarget section */

/* Begin PBXProject section */
		BF907F332094DB930045859F /* Project object */ = {
			isa = PBXProject;
			attributes = {
				LastSwiftUpdateCheck = 0940;
				LastUpgradeCheck = 0940;
				TargetAttributes = {
					BF117F6E2094E6B40048D9AD = {
						CreatedOnToolsVersion = 9.3;
					};
					BF1616E620AF5BC9009F471D = {
						CreatedOnToolsVersion = 9.4;
						SystemCapabilities = {
							com.apple.ApplicationGroups.Mac = {
								enabled = 1;
							};
						};
					};
					BF5ED0C520ACC7330023CDBF = {
						CreatedOnToolsVersion = 9.4;
					};
					BF5F646C20BF2EDD0084F35E = {
						CreatedOnToolsVersion = 9.4;
					};
					BFB40C6420A23BE300F4FA67 = {
						CreatedOnToolsVersion = 9.4;
						LastSwiftMigration = 0940;
					};
				};
			};
			buildConfigurationList = BF907F362094DB930045859F /* Build configuration list for PBXProject "AudioSwitch" */;
			compatibilityVersion = "Xcode 9.3";
			developmentRegion = en;
			hasScannedForEncodings = 0;
			knownRegions = (
				en,
				Base,
			);
			mainGroup = BF907F322094DB930045859F;
			productRefGroup = BF117F702094E6B40048D9AD /* Products */;
			projectDirPath = "";
			projectReferences = (
				{
					ProductGroup = BFB1037520C1EBB300766202 /* Products */;
					ProjectRef = BFB1037420C1EBB300766202 /* MASShortcut.xcodeproj */;
				},
			);
			projectRoot = "";
			targets = (
				BF117F6E2094E6B40048D9AD /* test_dev_manager */,
				BFB40C6420A23BE300F4FA67 /* AudioSwitchTests */,
				BF5ED0C520ACC7330023CDBF /* TestMocks */,
				BF1616E620AF5BC9009F471D /* AudioSwitchTestApp */,
				BF5F646C20BF2EDD0084F35E /* AudioSwitchSettingsWatcherApp */,
			);
		};
/* End PBXProject section */

/* Begin PBXReferenceProxy section */
		BFB1037B20C1EBB400766202 /* MASShortcut.framework */ = {
			isa = PBXReferenceProxy;
			fileType = wrapper.framework;
			path = MASShortcut.framework;
			remoteRef = BFB1037A20C1EBB400766202 /* PBXContainerItemProxy */;
			sourceTree = BUILT_PRODUCTS_DIR;
		};
		BFB1037D20C1EBB400766202 /* MASShortcutTests.xctest */ = {
			isa = PBXReferenceProxy;
			fileType = wrapper.cfbundle;
			path = MASShortcutTests.xctest;
			remoteRef = BFB1037C20C1EBB400766202 /* PBXContainerItemProxy */;
			sourceTree = BUILT_PRODUCTS_DIR;
		};
		BFB1037F20C1EBB400766202 /* Demo.app */ = {
			isa = PBXReferenceProxy;
			fileType = wrapper.application;
			path = Demo.app;
			remoteRef = BFB1037E20C1EBB400766202 /* PBXContainerItemProxy */;
			sourceTree = BUILT_PRODUCTS_DIR;
		};
/* End PBXReferenceProxy section */

/* Begin PBXResourcesBuildPhase section */
		BF1616E520AF5BC9009F471D /* Resources */ = {
			isa = PBXResourcesBuildPhase;
			buildActionMask = 2147483647;
			files = (
				BF1616F520AF5C0A009F471D /* AudioSwitchPrefs.xib in Resources */,
				BF1616EF20AF5BCA009F471D /* MainMenu.xib in Resources */,
			);
			runOnlyForDeploymentPostprocessing = 0;
		};
		BF5F646B20BF2EDD0084F35E /* Resources */ = {
			isa = PBXResourcesBuildPhase;
			buildActionMask = 2147483647;
			files = (
				BF5F647520BF2EDE0084F35E /* MainMenu.xib in Resources */,
			);
			runOnlyForDeploymentPostprocessing = 0;
		};
		BFB40C6320A23BE300F4FA67 /* Resources */ = {
			isa = PBXResourcesBuildPhase;
			buildActionMask = 2147483647;
			files = (
			);
			runOnlyForDeploymentPostprocessing = 0;
		};
/* End PBXResourcesBuildPhase section */

/* Begin PBXSourcesBuildPhase section */
		BF117F6B2094E6B40048D9AD /* Sources */ = {
			isa = PBXSourcesBuildPhase;
			buildActionMask = 2147483647;
			files = (
				BF117F782094E86E0048D9AD /* AudioDeviceSystemInterface.swift in Sources */,
				BF117F732094E6B40048D9AD /* main.swift in Sources */,
			);
			runOnlyForDeploymentPostprocessing = 0;
		};
		BF1616E320AF5BC9009F471D /* Sources */ = {
			isa = PBXSourcesBuildPhase;
			buildActionMask = 2147483647;
			files = (
				BFD1A75620B18A9100945E0E /* AudioDeviceListManager.swift in Sources */,
				BF1616EA20AF5BC9009F471D /* AppDelegate.swift in Sources */,
				BFD1A75320B17E3500945E0E /* AudioSwitchPrefs.swift in Sources */,
				BFD1A75720B18A9400945E0E /* AudioDeviceSystemInterface.swift in Sources */,
				BFF8211D20BB342400F0B07E /* Settings.swift in Sources */,
			);
			runOnlyForDeploymentPostprocessing = 0;
		};
		BF5ED0C220ACC7330023CDBF /* Sources */ = {
			isa = PBXSourcesBuildPhase;
			buildActionMask = 2147483647;
			files = (
				BF5ED0CB20ACC73F0023CDBF /* CoreAudioMock.c in Sources */,
			);
			runOnlyForDeploymentPostprocessing = 0;
		};
		BF5F646920BF2EDD0084F35E /* Sources */ = {
			isa = PBXSourcesBuildPhase;
			buildActionMask = 2147483647;
			files = (
				BF5F647C20BF3F4D0084F35E /* AudioDeviceListManager.swift in Sources */,
				BF5F647B20BF3F3A0084F35E /* Settings.swift in Sources */,
				BF5F647D20BF3F510084F35E /* AudioDeviceSystemInterface.swift in Sources */,
				BF5F647020BF2EDD0084F35E /* AppDelegate.swift in Sources */,
			);
			runOnlyForDeploymentPostprocessing = 0;
		};
		BFB40C6120A23BE300F4FA67 /* Sources */ = {
			isa = PBXSourcesBuildPhase;
			buildActionMask = 2147483647;
			files = (
				BFB40C6F20A23EC000F4FA67 /* AudioDeviceSystemInterface.swift in Sources */,
				BFB40C6D20A23BE800F4FA67 /* DeviceListManagerTests.swift in Sources */,
				BFFECC6F20A8C2F7005ADA44 /* DeviceSystemInterfaceTest.swift in Sources */,
				BF3799F720B9FBA60067EA2F /* AudioSwitchPrefs.swift in Sources */,
				BF2496B7213B2038006D33C9 /* Settings.swift in Sources */,
				BFB40C6E20A23EAA00F4FA67 /* AudioDeviceListManager.swift in Sources */,
				BF3799F620B9F7AC0067EA2F /* AudioDeviceListControllerTest.swift in Sources */,
			);
			runOnlyForDeploymentPostprocessing = 0;
		};
/* End PBXSourcesBuildPhase section */

/* Begin PBXTargetDependency section */
		BF2496BC213B20DB006D33C9 /* PBXTargetDependency */ = {
			isa = PBXTargetDependency;
			name = MASShortcut;
			targetProxy = BF2496BB213B20DB006D33C9 /* PBXContainerItemProxy */;
		};
		BF5ED0CD20ACC76C0023CDBF /* PBXTargetDependency */ = {
			isa = PBXTargetDependency;
			target = BF5ED0C520ACC7330023CDBF /* TestMocks */;
			targetProxy = BF5ED0CC20ACC76C0023CDBF /* PBXContainerItemProxy */;
		};
		BFB1038520C1EC9700766202 /* PBXTargetDependency */ = {
			isa = PBXTargetDependency;
			name = MASShortcut;
			targetProxy = BFB1038420C1EC9700766202 /* PBXContainerItemProxy */;
		};
/* End PBXTargetDependency section */

/* Begin PBXVariantGroup section */
		BF1616ED20AF5BCA009F471D /* MainMenu.xib */ = {
			isa = PBXVariantGroup;
			children = (
				BF1616EE20AF5BCA009F471D /* Base */,
			);
			name = MainMenu.xib;
			sourceTree = "<group>";
		};
		BF5F647320BF2EDE0084F35E /* MainMenu.xib */ = {
			isa = PBXVariantGroup;
			children = (
				BF5F647420BF2EDE0084F35E /* Base */,
			);
			name = MainMenu.xib;
			sourceTree = "<group>";
		};
/* End PBXVariantGroup section */

/* Begin XCBuildConfiguration section */
		BF117F752094E6B40048D9AD /* Debug */ = {
			isa = XCBuildConfiguration;
			buildSettings = {
				ALWAYS_SEARCH_USER_PATHS = NO;
				CLANG_ANALYZER_NONNULL = YES;
				CLANG_ANALYZER_NUMBER_OBJECT_CONVERSION = YES_AGGRESSIVE;
				CLANG_CXX_LANGUAGE_STANDARD = "gnu++14";
				CLANG_CXX_LIBRARY = "libc++";
				CLANG_ENABLE_MODULES = YES;
				CLANG_ENABLE_OBJC_ARC = YES;
				CLANG_ENABLE_OBJC_WEAK = YES;
				CLANG_WARN_BLOCK_CAPTURE_AUTORELEASING = YES;
				CLANG_WARN_BOOL_CONVERSION = YES;
				CLANG_WARN_COMMA = YES;
				CLANG_WARN_CONSTANT_CONVERSION = YES;
				CLANG_WARN_DEPRECATED_OBJC_IMPLEMENTATIONS = YES;
				CLANG_WARN_DIRECT_OBJC_ISA_USAGE = YES_ERROR;
				CLANG_WARN_DOCUMENTATION_COMMENTS = YES;
				CLANG_WARN_EMPTY_BODY = YES;
				CLANG_WARN_ENUM_CONVERSION = YES;
				CLANG_WARN_INFINITE_RECURSION = YES;
				CLANG_WARN_INT_CONVERSION = YES;
				CLANG_WARN_NON_LITERAL_NULL_CONVERSION = YES;
				CLANG_WARN_OBJC_IMPLICIT_RETAIN_SELF = YES;
				CLANG_WARN_OBJC_LITERAL_CONVERSION = YES;
				CLANG_WARN_OBJC_ROOT_CLASS = YES_ERROR;
				CLANG_WARN_RANGE_LOOP_ANALYSIS = YES;
				CLANG_WARN_STRICT_PROTOTYPES = YES;
				CLANG_WARN_SUSPICIOUS_MOVE = YES;
				CLANG_WARN_UNGUARDED_AVAILABILITY = YES_AGGRESSIVE;
				CLANG_WARN_UNREACHABLE_CODE = YES;
				CLANG_WARN__DUPLICATE_METHOD_MATCH = YES;
				CODE_SIGN_IDENTITY = "";
				CODE_SIGN_STYLE = Manual;
				COPY_PHASE_STRIP = NO;
				DEBUG_INFORMATION_FORMAT = dwarf;
				DEVELOPMENT_TEAM = "";
				ENABLE_STRICT_OBJC_MSGSEND = YES;
				ENABLE_TESTABILITY = YES;
				GCC_C_LANGUAGE_STANDARD = gnu11;
				GCC_DYNAMIC_NO_PIC = NO;
				GCC_NO_COMMON_BLOCKS = YES;
				GCC_OPTIMIZATION_LEVEL = 0;
				GCC_PREPROCESSOR_DEFINITIONS = (
					"DEBUG=1",
					"$(inherited)",
				);
				GCC_WARN_64_TO_32_BIT_CONVERSION = YES;
				GCC_WARN_ABOUT_RETURN_TYPE = YES_ERROR;
				GCC_WARN_UNDECLARED_SELECTOR = YES;
				GCC_WARN_UNINITIALIZED_AUTOS = YES_AGGRESSIVE;
				GCC_WARN_UNUSED_FUNCTION = YES;
				GCC_WARN_UNUSED_VARIABLE = YES;
				MACOSX_DEPLOYMENT_TARGET = 10.13;
				MTL_ENABLE_DEBUG_INFO = YES;
				ONLY_ACTIVE_ARCH = YES;
				PRODUCT_NAME = "$(TARGET_NAME)";
				PROVISIONING_PROFILE_SPECIFIER = "";
				SDKROOT = macosx;
				SWIFT_ACTIVE_COMPILATION_CONDITIONS = DEBUG;
				SWIFT_OPTIMIZATION_LEVEL = "-Onone";
				SWIFT_VERSION = 4.0;
			};
			name = Debug;
		};
		BF117F762094E6B40048D9AD /* Release */ = {
			isa = XCBuildConfiguration;
			buildSettings = {
				ALWAYS_SEARCH_USER_PATHS = NO;
				CLANG_ANALYZER_NONNULL = YES;
				CLANG_ANALYZER_NUMBER_OBJECT_CONVERSION = YES_AGGRESSIVE;
				CLANG_CXX_LANGUAGE_STANDARD = "gnu++14";
				CLANG_CXX_LIBRARY = "libc++";
				CLANG_ENABLE_MODULES = YES;
				CLANG_ENABLE_OBJC_ARC = YES;
				CLANG_ENABLE_OBJC_WEAK = YES;
				CLANG_WARN_BLOCK_CAPTURE_AUTORELEASING = YES;
				CLANG_WARN_BOOL_CONVERSION = YES;
				CLANG_WARN_COMMA = YES;
				CLANG_WARN_CONSTANT_CONVERSION = YES;
				CLANG_WARN_DEPRECATED_OBJC_IMPLEMENTATIONS = YES;
				CLANG_WARN_DIRECT_OBJC_ISA_USAGE = YES_ERROR;
				CLANG_WARN_DOCUMENTATION_COMMENTS = YES;
				CLANG_WARN_EMPTY_BODY = YES;
				CLANG_WARN_ENUM_CONVERSION = YES;
				CLANG_WARN_INFINITE_RECURSION = YES;
				CLANG_WARN_INT_CONVERSION = YES;
				CLANG_WARN_NON_LITERAL_NULL_CONVERSION = YES;
				CLANG_WARN_OBJC_IMPLICIT_RETAIN_SELF = YES;
				CLANG_WARN_OBJC_LITERAL_CONVERSION = YES;
				CLANG_WARN_OBJC_ROOT_CLASS = YES_ERROR;
				CLANG_WARN_RANGE_LOOP_ANALYSIS = YES;
				CLANG_WARN_STRICT_PROTOTYPES = YES;
				CLANG_WARN_SUSPICIOUS_MOVE = YES;
				CLANG_WARN_UNGUARDED_AVAILABILITY = YES_AGGRESSIVE;
				CLANG_WARN_UNREACHABLE_CODE = YES;
				CLANG_WARN__DUPLICATE_METHOD_MATCH = YES;
				CODE_SIGN_IDENTITY = "";
				CODE_SIGN_STYLE = Manual;
				COPY_PHASE_STRIP = NO;
				DEBUG_INFORMATION_FORMAT = "dwarf-with-dsym";
				DEVELOPMENT_TEAM = "";
				ENABLE_NS_ASSERTIONS = NO;
				ENABLE_STRICT_OBJC_MSGSEND = YES;
				GCC_C_LANGUAGE_STANDARD = gnu11;
				GCC_NO_COMMON_BLOCKS = YES;
				GCC_WARN_64_TO_32_BIT_CONVERSION = YES;
				GCC_WARN_ABOUT_RETURN_TYPE = YES_ERROR;
				GCC_WARN_UNDECLARED_SELECTOR = YES;
				GCC_WARN_UNINITIALIZED_AUTOS = YES_AGGRESSIVE;
				GCC_WARN_UNUSED_FUNCTION = YES;
				GCC_WARN_UNUSED_VARIABLE = YES;
				MACOSX_DEPLOYMENT_TARGET = 10.13;
				MTL_ENABLE_DEBUG_INFO = NO;
				PRODUCT_NAME = "$(TARGET_NAME)";
				PROVISIONING_PROFILE_SPECIFIER = "";
				SDKROOT = macosx;
				SWIFT_OPTIMIZATION_LEVEL = "-Owholemodule";
				SWIFT_VERSION = 4.0;
			};
			name = Release;
		};
		BF1616F320AF5BCA009F471D /* Debug */ = {
			isa = XCBuildConfiguration;
			buildSettings = {
				ALWAYS_SEARCH_USER_PATHS = NO;
				ASSETCATALOG_COMPILER_APPICON_NAME = AppIcon;
				CLANG_ANALYZER_NONNULL = YES;
				CLANG_ANALYZER_NUMBER_OBJECT_CONVERSION = YES_AGGRESSIVE;
				CLANG_CXX_LANGUAGE_STANDARD = "gnu++14";
				CLANG_CXX_LIBRARY = "libc++";
				CLANG_ENABLE_MODULES = YES;
				CLANG_ENABLE_OBJC_ARC = YES;
				CLANG_ENABLE_OBJC_WEAK = YES;
				CLANG_WARN_DIRECT_OBJC_ISA_USAGE = YES_ERROR;
				CLANG_WARN_DOCUMENTATION_COMMENTS = YES;
				CLANG_WARN_OBJC_ROOT_CLASS = YES_ERROR;
				CLANG_WARN_UNGUARDED_AVAILABILITY = YES_AGGRESSIVE;
				CODE_SIGN_ENTITLEMENTS = Tests/AudioSwitchTests.entitlements;
				CODE_SIGN_IDENTITY = "Mac Developer";
				CODE_SIGN_STYLE = Automatic;
				COMBINE_HIDPI_IMAGES = YES;
				COPY_PHASE_STRIP = NO;
				DEBUG_INFORMATION_FORMAT = dwarf;
				DEVELOPMENT_TEAM = 39S9YX67X7;
				GCC_C_LANGUAGE_STANDARD = gnu11;
				GCC_DYNAMIC_NO_PIC = NO;
				GCC_OPTIMIZATION_LEVEL = 0;
				GCC_PREPROCESSOR_DEFINITIONS = (
					"DEBUG=1",
					"$(inherited)",
				);
				GCC_WARN_ABOUT_RETURN_TYPE = YES_ERROR;
				GCC_WARN_UNINITIALIZED_AUTOS = YES_AGGRESSIVE;
				INFOPLIST_FILE = Tests/AudioSwitchTestsInfo.plist;
				LD_RUNPATH_SEARCH_PATHS = (
					"$(inherited)",
					"@executable_path/../Frameworks",
				);
				MACOSX_DEPLOYMENT_TARGET = 10.13;
				MTL_ENABLE_DEBUG_INFO = YES;
				PRODUCT_BUNDLE_IDENTIFIER = net.duvert.AudioSwitchTestApp;
				PRODUCT_NAME = "$(TARGET_NAME)";
				SDKROOT = macosx;
				SWIFT_ACTIVE_COMPILATION_CONDITIONS = DEBUG;
				SWIFT_OBJC_BRIDGING_HEADER = Shared/BridgingHeader.h;
				SWIFT_OPTIMIZATION_LEVEL = "-Onone";
				SWIFT_VERSION = 4.0;
			};
			name = Debug;
		};
		BF1616F420AF5BCA009F471D /* Release */ = {
			isa = XCBuildConfiguration;
			buildSettings = {
				ALWAYS_SEARCH_USER_PATHS = NO;
				ASSETCATALOG_COMPILER_APPICON_NAME = AppIcon;
				CLANG_ANALYZER_NONNULL = YES;
				CLANG_ANALYZER_NUMBER_OBJECT_CONVERSION = YES_AGGRESSIVE;
				CLANG_CXX_LANGUAGE_STANDARD = "gnu++14";
				CLANG_CXX_LIBRARY = "libc++";
				CLANG_ENABLE_MODULES = YES;
				CLANG_ENABLE_OBJC_ARC = YES;
				CLANG_ENABLE_OBJC_WEAK = YES;
				CLANG_WARN_DIRECT_OBJC_ISA_USAGE = YES_ERROR;
				CLANG_WARN_DOCUMENTATION_COMMENTS = YES;
				CLANG_WARN_OBJC_ROOT_CLASS = YES_ERROR;
				CLANG_WARN_UNGUARDED_AVAILABILITY = YES_AGGRESSIVE;
				CODE_SIGN_ENTITLEMENTS = Tests/AudioSwitchTests.entitlements;
				CODE_SIGN_IDENTITY = "Mac Developer";
				CODE_SIGN_STYLE = Automatic;
				COMBINE_HIDPI_IMAGES = YES;
				COPY_PHASE_STRIP = NO;
				DEBUG_INFORMATION_FORMAT = "dwarf-with-dsym";
				DEVELOPMENT_TEAM = 39S9YX67X7;
				ENABLE_NS_ASSERTIONS = NO;
				GCC_C_LANGUAGE_STANDARD = gnu11;
				GCC_WARN_ABOUT_RETURN_TYPE = YES_ERROR;
				GCC_WARN_UNINITIALIZED_AUTOS = YES_AGGRESSIVE;
				INFOPLIST_FILE = Tests/AudioSwitchTestsInfo.plist;
				LD_RUNPATH_SEARCH_PATHS = (
					"$(inherited)",
					"@executable_path/../Frameworks",
				);
				MACOSX_DEPLOYMENT_TARGET = 10.13;
				MTL_ENABLE_DEBUG_INFO = NO;
				PRODUCT_BUNDLE_IDENTIFIER = net.duvert.AudioSwitchTestApp;
				PRODUCT_NAME = "$(TARGET_NAME)";
				SDKROOT = macosx;
				SWIFT_OBJC_BRIDGING_HEADER = Shared/BridgingHeader.h;
				SWIFT_OPTIMIZATION_LEVEL = "-O";
				SWIFT_VERSION = 4.0;
			};
			name = Release;
		};
		BF5ED0C720ACC7330023CDBF /* Debug */ = {
			isa = XCBuildConfiguration;
			buildSettings = {
				ALWAYS_SEARCH_USER_PATHS = NO;
				CLANG_ANALYZER_NONNULL = YES;
				CLANG_ANALYZER_NUMBER_OBJECT_CONVERSION = YES_AGGRESSIVE;
				CLANG_CXX_LANGUAGE_STANDARD = "gnu++14";
				CLANG_CXX_LIBRARY = "libc++";
				CLANG_ENABLE_CODE_COVERAGE = NO;
				CLANG_ENABLE_MODULES = YES;
				CLANG_ENABLE_OBJC_ARC = YES;
				CLANG_ENABLE_OBJC_WEAK = YES;
				CLANG_WARN_DIRECT_OBJC_ISA_USAGE = YES_ERROR;
				CLANG_WARN_DOCUMENTATION_COMMENTS = YES;
				CLANG_WARN_OBJC_ROOT_CLASS = YES_ERROR;
				CLANG_WARN_UNGUARDED_AVAILABILITY = YES_AGGRESSIVE;
				CODE_SIGN_IDENTITY = "Mac Developer";
				CODE_SIGN_STYLE = Automatic;
				COPY_PHASE_STRIP = NO;
				DEBUG_INFORMATION_FORMAT = dwarf;
				DEVELOPMENT_TEAM = 39S9YX67X7;
				EXECUTABLE_PREFIX = lib;
				GCC_C_LANGUAGE_STANDARD = gnu11;
				GCC_DYNAMIC_NO_PIC = NO;
				GCC_OPTIMIZATION_LEVEL = 0;
				GCC_PREPROCESSOR_DEFINITIONS = (
					"DEBUG=1",
					"$(inherited)",
				);
				GCC_WARN_ABOUT_RETURN_TYPE = YES_ERROR;
				GCC_WARN_UNINITIALIZED_AUTOS = YES_AGGRESSIVE;
				MACOSX_DEPLOYMENT_TARGET = 10.13;
				MTL_ENABLE_DEBUG_INFO = YES;
				PRODUCT_NAME = "$(TARGET_NAME)";
				SDKROOT = macosx;
				SKIP_INSTALL = YES;
			};
			name = Debug;
		};
		BF5ED0C820ACC7330023CDBF /* Release */ = {
			isa = XCBuildConfiguration;
			buildSettings = {
				ALWAYS_SEARCH_USER_PATHS = NO;
				CLANG_ANALYZER_NONNULL = YES;
				CLANG_ANALYZER_NUMBER_OBJECT_CONVERSION = YES_AGGRESSIVE;
				CLANG_CXX_LANGUAGE_STANDARD = "gnu++14";
				CLANG_CXX_LIBRARY = "libc++";
				CLANG_ENABLE_CODE_COVERAGE = NO;
				CLANG_ENABLE_MODULES = YES;
				CLANG_ENABLE_OBJC_ARC = YES;
				CLANG_ENABLE_OBJC_WEAK = YES;
				CLANG_WARN_DIRECT_OBJC_ISA_USAGE = YES_ERROR;
				CLANG_WARN_DOCUMENTATION_COMMENTS = YES;
				CLANG_WARN_OBJC_ROOT_CLASS = YES_ERROR;
				CLANG_WARN_UNGUARDED_AVAILABILITY = YES_AGGRESSIVE;
				CODE_SIGN_IDENTITY = "Mac Developer";
				CODE_SIGN_STYLE = Automatic;
				COPY_PHASE_STRIP = NO;
				DEBUG_INFORMATION_FORMAT = "dwarf-with-dsym";
				DEVELOPMENT_TEAM = 39S9YX67X7;
				ENABLE_NS_ASSERTIONS = NO;
				EXECUTABLE_PREFIX = lib;
				GCC_C_LANGUAGE_STANDARD = gnu11;
				GCC_WARN_ABOUT_RETURN_TYPE = YES_ERROR;
				GCC_WARN_UNINITIALIZED_AUTOS = YES_AGGRESSIVE;
				MACOSX_DEPLOYMENT_TARGET = 10.13;
				MTL_ENABLE_DEBUG_INFO = NO;
				PRODUCT_NAME = "$(TARGET_NAME)";
				SDKROOT = macosx;
				SKIP_INSTALL = YES;
			};
			name = Release;
		};
		BF5F647820BF2EDE0084F35E /* Debug */ = {
			isa = XCBuildConfiguration;
			buildSettings = {
				ALWAYS_SEARCH_USER_PATHS = NO;
				ASSETCATALOG_COMPILER_APPICON_NAME = AppIcon;
				CLANG_ANALYZER_NONNULL = YES;
				CLANG_ANALYZER_NUMBER_OBJECT_CONVERSION = YES_AGGRESSIVE;
				CLANG_CXX_LANGUAGE_STANDARD = "gnu++14";
				CLANG_CXX_LIBRARY = "libc++";
				CLANG_ENABLE_MODULES = YES;
				CLANG_ENABLE_OBJC_ARC = YES;
				CLANG_ENABLE_OBJC_WEAK = YES;
				CLANG_WARN_DIRECT_OBJC_ISA_USAGE = YES_ERROR;
				CLANG_WARN_DOCUMENTATION_COMMENTS = YES;
				CLANG_WARN_OBJC_ROOT_CLASS = YES_ERROR;
				CLANG_WARN_UNGUARDED_AVAILABILITY = YES_AGGRESSIVE;
				CODE_SIGN_ENTITLEMENTS = Tests/AudioSwitchTests.entitlements;
				CODE_SIGN_IDENTITY = "Mac Developer";
				CODE_SIGN_STYLE = Automatic;
				COMBINE_HIDPI_IMAGES = YES;
				COPY_PHASE_STRIP = NO;
				DEBUG_INFORMATION_FORMAT = dwarf;
				DEVELOPMENT_TEAM = 39S9YX67X7;
				GCC_C_LANGUAGE_STANDARD = gnu11;
				GCC_DYNAMIC_NO_PIC = NO;
				GCC_OPTIMIZATION_LEVEL = 0;
				GCC_PREPROCESSOR_DEFINITIONS = (
					"DEBUG=1",
					"$(inherited)",
				);
				GCC_WARN_ABOUT_RETURN_TYPE = YES_ERROR;
				GCC_WARN_UNINITIALIZED_AUTOS = YES_AGGRESSIVE;
				INFOPLIST_FILE = Tests/AudioSwitchTestsInfo.plist;
				LD_RUNPATH_SEARCH_PATHS = (
					"$(inherited)",
					"@executable_path/../Frameworks",
				);
				MACOSX_DEPLOYMENT_TARGET = 10.13;
				MTL_ENABLE_DEBUG_INFO = YES;
				PRODUCT_BUNDLE_IDENTIFIER = net.duvert.AudioSwitchSettingsWatcherApp;
				PRODUCT_NAME = "$(TARGET_NAME)";
				SDKROOT = macosx;
				SWIFT_ACTIVE_COMPILATION_CONDITIONS = DEBUG;
				SWIFT_OBJC_BRIDGING_HEADER = Shared/BridgingHeader.h;
				SWIFT_OPTIMIZATION_LEVEL = "-Onone";
				SWIFT_VERSION = 4.0;
			};
			name = Debug;
		};
		BF5F647920BF2EDE0084F35E /* Release */ = {
			isa = XCBuildConfiguration;
			buildSettings = {
				ALWAYS_SEARCH_USER_PATHS = NO;
				ASSETCATALOG_COMPILER_APPICON_NAME = AppIcon;
				CLANG_ANALYZER_NONNULL = YES;
				CLANG_ANALYZER_NUMBER_OBJECT_CONVERSION = YES_AGGRESSIVE;
				CLANG_CXX_LANGUAGE_STANDARD = "gnu++14";
				CLANG_CXX_LIBRARY = "libc++";
				CLANG_ENABLE_MODULES = YES;
				CLANG_ENABLE_OBJC_ARC = YES;
				CLANG_ENABLE_OBJC_WEAK = YES;
				CLANG_WARN_DIRECT_OBJC_ISA_USAGE = YES_ERROR;
				CLANG_WARN_DOCUMENTATION_COMMENTS = YES;
				CLANG_WARN_OBJC_ROOT_CLASS = YES_ERROR;
				CLANG_WARN_UNGUARDED_AVAILABILITY = YES_AGGRESSIVE;
				CODE_SIGN_ENTITLEMENTS = Tests/AudioSwitchTests.entitlements;
				CODE_SIGN_IDENTITY = "Mac Developer";
				CODE_SIGN_STYLE = Automatic;
				COMBINE_HIDPI_IMAGES = YES;
				COPY_PHASE_STRIP = NO;
				DEBUG_INFORMATION_FORMAT = "dwarf-with-dsym";
				DEVELOPMENT_TEAM = 39S9YX67X7;
				ENABLE_NS_ASSERTIONS = NO;
				GCC_C_LANGUAGE_STANDARD = gnu11;
				GCC_WARN_ABOUT_RETURN_TYPE = YES_ERROR;
				GCC_WARN_UNINITIALIZED_AUTOS = YES_AGGRESSIVE;
				INFOPLIST_FILE = Tests/AudioSwitchTestsInfo.plist;
				LD_RUNPATH_SEARCH_PATHS = (
					"$(inherited)",
					"@executable_path/../Frameworks",
				);
				MACOSX_DEPLOYMENT_TARGET = 10.13;
				MTL_ENABLE_DEBUG_INFO = NO;
				PRODUCT_BUNDLE_IDENTIFIER = net.duvert.AudioSwitchSettingsWatcherApp;
				PRODUCT_NAME = "$(TARGET_NAME)";
				SDKROOT = macosx;
				SWIFT_OBJC_BRIDGING_HEADER = Shared/BridgingHeader.h;
				SWIFT_OPTIMIZATION_LEVEL = "-O";
				SWIFT_VERSION = 4.0;
			};
			name = Release;
		};
		BF907F372094DB930045859F /* Debug */ = {
			isa = XCBuildConfiguration;
			buildSettings = {
				CLANG_WARN_BLOCK_CAPTURE_AUTORELEASING = YES;
				CLANG_WARN_BOOL_CONVERSION = YES;
				CLANG_WARN_COMMA = YES;
				CLANG_WARN_CONSTANT_CONVERSION = YES;
				CLANG_WARN_DEPRECATED_OBJC_IMPLEMENTATIONS = YES;
				CLANG_WARN_EMPTY_BODY = YES;
				CLANG_WARN_ENUM_CONVERSION = YES;
				CLANG_WARN_INFINITE_RECURSION = YES;
				CLANG_WARN_INT_CONVERSION = YES;
				CLANG_WARN_NON_LITERAL_NULL_CONVERSION = YES;
				CLANG_WARN_OBJC_IMPLICIT_RETAIN_SELF = YES;
				CLANG_WARN_OBJC_LITERAL_CONVERSION = YES;
				CLANG_WARN_RANGE_LOOP_ANALYSIS = YES;
				CLANG_WARN_STRICT_PROTOTYPES = YES;
				CLANG_WARN_SUSPICIOUS_MOVE = YES;
				CLANG_WARN_UNREACHABLE_CODE = YES;
				CLANG_WARN__DUPLICATE_METHOD_MATCH = YES;
				ENABLE_STRICT_OBJC_MSGSEND = YES;
				ENABLE_TESTABILITY = YES;
				GCC_NO_COMMON_BLOCKS = YES;
				GCC_WARN_64_TO_32_BIT_CONVERSION = YES;
				GCC_WARN_ABOUT_RETURN_TYPE = YES;
				GCC_WARN_UNDECLARED_SELECTOR = YES;
				GCC_WARN_UNINITIALIZED_AUTOS = YES;
				GCC_WARN_UNUSED_FUNCTION = YES;
				GCC_WARN_UNUSED_VARIABLE = YES;
				ONLY_ACTIVE_ARCH = YES;
			};
			name = Debug;
		};
		BF907F382094DB930045859F /* Release */ = {
			isa = XCBuildConfiguration;
			buildSettings = {
				CLANG_WARN_BLOCK_CAPTURE_AUTORELEASING = YES;
				CLANG_WARN_BOOL_CONVERSION = YES;
				CLANG_WARN_COMMA = YES;
				CLANG_WARN_CONSTANT_CONVERSION = YES;
				CLANG_WARN_DEPRECATED_OBJC_IMPLEMENTATIONS = YES;
				CLANG_WARN_EMPTY_BODY = YES;
				CLANG_WARN_ENUM_CONVERSION = YES;
				CLANG_WARN_INFINITE_RECURSION = YES;
				CLANG_WARN_INT_CONVERSION = YES;
				CLANG_WARN_NON_LITERAL_NULL_CONVERSION = YES;
				CLANG_WARN_OBJC_IMPLICIT_RETAIN_SELF = YES;
				CLANG_WARN_OBJC_LITERAL_CONVERSION = YES;
				CLANG_WARN_RANGE_LOOP_ANALYSIS = YES;
				CLANG_WARN_STRICT_PROTOTYPES = YES;
				CLANG_WARN_SUSPICIOUS_MOVE = YES;
				CLANG_WARN_UNREACHABLE_CODE = YES;
				CLANG_WARN__DUPLICATE_METHOD_MATCH = YES;
				ENABLE_STRICT_OBJC_MSGSEND = YES;
				GCC_NO_COMMON_BLOCKS = YES;
				GCC_WARN_64_TO_32_BIT_CONVERSION = YES;
				GCC_WARN_ABOUT_RETURN_TYPE = YES;
				GCC_WARN_UNDECLARED_SELECTOR = YES;
				GCC_WARN_UNINITIALIZED_AUTOS = YES;
				GCC_WARN_UNUSED_FUNCTION = YES;
				GCC_WARN_UNUSED_VARIABLE = YES;
				SWIFT_COMPILATION_MODE = wholemodule;
			};
			name = Release;
		};
		BFB40C6B20A23BE300F4FA67 /* Debug */ = {
			isa = XCBuildConfiguration;
			buildSettings = {
				ALWAYS_SEARCH_USER_PATHS = NO;
				CLANG_ANALYZER_NONNULL = YES;
				CLANG_ANALYZER_NUMBER_OBJECT_CONVERSION = YES_AGGRESSIVE;
				CLANG_CXX_LANGUAGE_STANDARD = "gnu++14";
				CLANG_CXX_LIBRARY = "libc++";
				CLANG_ENABLE_MODULES = YES;
				CLANG_ENABLE_OBJC_ARC = YES;
				CLANG_ENABLE_OBJC_WEAK = YES;
				CLANG_WARN_DIRECT_OBJC_ISA_USAGE = YES_ERROR;
				CLANG_WARN_DOCUMENTATION_COMMENTS = YES;
				CLANG_WARN_OBJC_ROOT_CLASS = YES_ERROR;
				CLANG_WARN_UNGUARDED_AVAILABILITY = YES_AGGRESSIVE;
				CODE_SIGN_IDENTITY = "-";
				CODE_SIGN_STYLE = Automatic;
				COMBINE_HIDPI_IMAGES = YES;
				COPY_PHASE_STRIP = NO;
				DEBUG_INFORMATION_FORMAT = dwarf;
				GCC_C_LANGUAGE_STANDARD = gnu11;
				GCC_DYNAMIC_NO_PIC = NO;
				GCC_OPTIMIZATION_LEVEL = 0;
				GCC_PREPROCESSOR_DEFINITIONS = (
					"DEBUG=1",
					"$(inherited)",
				);
				GCC_WARN_ABOUT_RETURN_TYPE = YES_ERROR;
				GCC_WARN_UNINITIALIZED_AUTOS = YES_AGGRESSIVE;
				INFOPLIST_FILE = Tests/AudioSwitchTestsInfo.plist;
				LD_RUNPATH_SEARCH_PATHS = (
					"$(inherited)",
					"@executable_path/../Frameworks",
					"@loader_path/../Frameworks",
				);
				MACOSX_DEPLOYMENT_TARGET = 10.13;
				MTL_ENABLE_DEBUG_INFO = YES;
				PRODUCT_BUNDLE_IDENTIFIER = net.duvert.AudioSwitchTests;
				PRODUCT_NAME = "$(TARGET_NAME)";
				SDKROOT = macosx;
				SWIFT_ACTIVE_COMPILATION_CONDITIONS = DEBUG;
				SWIFT_OBJC_BRIDGING_HEADER = Tests/TestsBridgingHeader.h;
				SWIFT_OPTIMIZATION_LEVEL = "-Onone";
				SWIFT_VERSION = 4.0;
			};
			name = Debug;
		};
		BFB40C6C20A23BE300F4FA67 /* Release */ = {
			isa = XCBuildConfiguration;
			buildSettings = {
				ALWAYS_SEARCH_USER_PATHS = NO;
				CLANG_ANALYZER_NONNULL = YES;
				CLANG_ANALYZER_NUMBER_OBJECT_CONVERSION = YES_AGGRESSIVE;
				CLANG_CXX_LANGUAGE_STANDARD = "gnu++14";
				CLANG_CXX_LIBRARY = "libc++";
				CLANG_ENABLE_MODULES = YES;
				CLANG_ENABLE_OBJC_ARC = YES;
				CLANG_ENABLE_OBJC_WEAK = YES;
				CLANG_WARN_DIRECT_OBJC_ISA_USAGE = YES_ERROR;
				CLANG_WARN_DOCUMENTATION_COMMENTS = YES;
				CLANG_WARN_OBJC_ROOT_CLASS = YES_ERROR;
				CLANG_WARN_UNGUARDED_AVAILABILITY = YES_AGGRESSIVE;
				CODE_SIGN_IDENTITY = "-";
				CODE_SIGN_STYLE = Automatic;
				COMBINE_HIDPI_IMAGES = YES;
				COPY_PHASE_STRIP = NO;
				DEBUG_INFORMATION_FORMAT = "dwarf-with-dsym";
				ENABLE_NS_ASSERTIONS = NO;
				GCC_C_LANGUAGE_STANDARD = gnu11;
				GCC_WARN_ABOUT_RETURN_TYPE = YES_ERROR;
				GCC_WARN_UNINITIALIZED_AUTOS = YES_AGGRESSIVE;
				INFOPLIST_FILE = Tests/AudioSwitchTestsInfo.plist;
				LD_RUNPATH_SEARCH_PATHS = (
					"$(inherited)",
					"@executable_path/../Frameworks",
					"@loader_path/../Frameworks",
				);
				MACOSX_DEPLOYMENT_TARGET = 10.13;
				MTL_ENABLE_DEBUG_INFO = NO;
				PRODUCT_BUNDLE_IDENTIFIER = net.duvert.AudioSwitchTests;
				PRODUCT_NAME = "$(TARGET_NAME)";
				SDKROOT = macosx;
				SWIFT_OBJC_BRIDGING_HEADER = Tests/TestsBridgingHeader.h;
				SWIFT_OPTIMIZATION_LEVEL = "-O";
				SWIFT_VERSION = 4.0;
			};
			name = Release;
		};
/* End XCBuildConfiguration section */

/* Begin XCConfigurationList section */
		BF117F742094E6B40048D9AD /* Build configuration list for PBXNativeTarget "test_dev_manager" */ = {
			isa = XCConfigurationList;
			buildConfigurations = (
				BF117F752094E6B40048D9AD /* Debug */,
				BF117F762094E6B40048D9AD /* Release */,
			);
			defaultConfigurationIsVisible = 0;
			defaultConfigurationName = Release;
		};
		BF1616F220AF5BCA009F471D /* Build configuration list for PBXNativeTarget "AudioSwitchTestApp" */ = {
			isa = XCConfigurationList;
			buildConfigurations = (
				BF1616F320AF5BCA009F471D /* Debug */,
				BF1616F420AF5BCA009F471D /* Release */,
			);
			defaultConfigurationIsVisible = 0;
			defaultConfigurationName = Release;
		};
		BF5ED0C920ACC7330023CDBF /* Build configuration list for PBXNativeTarget "TestMocks" */ = {
			isa = XCConfigurationList;
			buildConfigurations = (
				BF5ED0C720ACC7330023CDBF /* Debug */,
				BF5ED0C820ACC7330023CDBF /* Release */,
			);
			defaultConfigurationIsVisible = 0;
			defaultConfigurationName = Release;
		};
		BF5F647A20BF2EDE0084F35E /* Build configuration list for PBXNativeTarget "AudioSwitchSettingsWatcherApp" */ = {
			isa = XCConfigurationList;
			buildConfigurations = (
				BF5F647820BF2EDE0084F35E /* Debug */,
				BF5F647920BF2EDE0084F35E /* Release */,
			);
			defaultConfigurationIsVisible = 0;
			defaultConfigurationName = Release;
		};
		BF907F362094DB930045859F /* Build configuration list for PBXProject "AudioSwitch" */ = {
			isa = XCConfigurationList;
			buildConfigurations = (
				BF907F372094DB930045859F /* Debug */,
				BF907F382094DB930045859F /* Release */,
			);
			defaultConfigurationIsVisible = 0;
			defaultConfigurationName = Release;
		};
		BFB40C6A20A23BE300F4FA67 /* Build configuration list for PBXNativeTarget "AudioSwitchTests" */ = {
			isa = XCConfigurationList;
			buildConfigurations = (
				BFB40C6B20A23BE300F4FA67 /* Debug */,
				BFB40C6C20A23BE300F4FA67 /* Release */,
			);
			defaultConfigurationIsVisible = 0;
			defaultConfigurationName = Release;
		};
/* End XCConfigurationList section */
	};
	rootObject = BF907F332094DB930045859F /* Project object */;
}
